// !$*UTF8*$!
{
	archiveVersion = 1;
	classes = {
	};
	objectVersion = 56;
	objects = {

/* Begin PBXBuildFile section */
		DD2B30F92BCC06B200D19D57 /* NC1App.swift in Sources */ = {isa = PBXBuildFile; fileRef = DD2B30F82BCC06B200D19D57 /* NC1App.swift */; };
		DD2B30FB2BCC06B200D19D57 /* CalendarView.swift in Sources */ = {isa = PBXBuildFile; fileRef = DD2B30FA2BCC06B200D19D57 /* CalendarView.swift */; };
		DD2B30FD2BCC06B300D19D57 /* Assets.xcassets in Resources */ = {isa = PBXBuildFile; fileRef = DD2B30FC2BCC06B300D19D57 /* Assets.xcassets */; };
		DD2B31002BCC06B300D19D57 /* Preview Assets.xcassets in Resources */ = {isa = PBXBuildFile; fileRef = DD2B30FF2BCC06B300D19D57 /* Preview Assets.xcassets */; };
		DD2B310A2BCC06B300D19D57 /* NC1Tests.swift in Sources */ = {isa = PBXBuildFile; fileRef = DD2B31092BCC06B300D19D57 /* NC1Tests.swift */; };
		DD2B31142BCC06B300D19D57 /* NC1UITests.swift in Sources */ = {isa = PBXBuildFile; fileRef = DD2B31132BCC06B300D19D57 /* NC1UITests.swift */; };
		DD2B31162BCC06B300D19D57 /* NC1UITestsLaunchTests.swift in Sources */ = {isa = PBXBuildFile; fileRef = DD2B31152BCC06B300D19D57 /* NC1UITestsLaunchTests.swift */; };
		DD2B31232BCC1BF500D19D57 /* MemoView.swift in Sources */ = {isa = PBXBuildFile; fileRef = DD2B31222BCC1BF500D19D57 /* MemoView.swift */; };
		DD2B31272BCC1DDD00D19D57 /* Data.swift in Sources */ = {isa = PBXBuildFile; fileRef = DD2B31262BCC1DDD00D19D57 /* Data.swift */; };
		DD2B31292BCD442A00D19D57 /* File.swift in Sources */ = {isa = PBXBuildFile; fileRef = DD2B31282BCD442A00D19D57 /* File.swift */; };
		DD44EA192BE128C1008F8D75 /* CalenderView+.swift in Sources */ = {isa = PBXBuildFile; fileRef = DD44EA182BE128C1008F8D75 /* CalenderView+.swift */; };
		DD44EA1B2BE12C90008F8D75 /* CellView.swift in Sources */ = {isa = PBXBuildFile; fileRef = DD44EA1A2BE12C90008F8D75 /* CellView.swift */; };
		DD44EA212BE12FAB008F8D75 /* Date+.swift in Sources */ = {isa = PBXBuildFile; fileRef = DD44EA202BE12FAB008F8D75 /* Date+.swift */; };
		DD44EA232BE13445008F8D75 /* dayMemoView.swift in Sources */ = {isa = PBXBuildFile; fileRef = DD44EA222BE13445008F8D75 /* dayMemoView.swift */; };
		DD44EA262BE35653008F8D75 /* DateFormatter+.swift in Sources */ = {isa = PBXBuildFile; fileRef = DD44EA252BE35653008F8D75 /* DateFormatter+.swift */; };
		DD44EA282BE3AD88008F8D75 /* headerView.swift in Sources */ = {isa = PBXBuildFile; fileRef = DD44EA272BE3AD88008F8D75 /* headerView.swift */; };
		DD44EA2A2BE3B1BC008F8D75 /* calendarGridView.swift in Sources */ = {isa = PBXBuildFile; fileRef = DD44EA292BE3B1BC008F8D75 /* calendarGridView.swift */; };
		DD7975FC2BDF8E1F00A39757 /* Color+.swift in Sources */ = {isa = PBXBuildFile; fileRef = DD7975FB2BDF8E1F00A39757 /* Color+.swift */; };
/* End PBXBuildFile section */

/* Begin PBXContainerItemProxy section */
		DD2B31062BCC06B300D19D57 /* PBXContainerItemProxy */ = {
			isa = PBXContainerItemProxy;
			containerPortal = DD2B30ED2BCC06B200D19D57 /* Project object */;
			proxyType = 1;
			remoteGlobalIDString = DD2B30F42BCC06B200D19D57;
			remoteInfo = NC1;
		};
		DD2B31102BCC06B300D19D57 /* PBXContainerItemProxy */ = {
			isa = PBXContainerItemProxy;
			containerPortal = DD2B30ED2BCC06B200D19D57 /* Project object */;
			proxyType = 1;
			remoteGlobalIDString = DD2B30F42BCC06B200D19D57;
			remoteInfo = NC1;
		};
/* End PBXContainerItemProxy section */

/* Begin PBXFileReference section */
		DD2B30F52BCC06B200D19D57 /* NC1.app */ = {isa = PBXFileReference; explicitFileType = wrapper.application; includeInIndex = 0; path = NC1.app; sourceTree = BUILT_PRODUCTS_DIR; };
		DD2B30F82BCC06B200D19D57 /* NC1App.swift */ = {isa = PBXFileReference; lastKnownFileType = sourcecode.swift; path = NC1App.swift; sourceTree = "<group>"; };
		DD2B30FA2BCC06B200D19D57 /* CalendarView.swift */ = {isa = PBXFileReference; lastKnownFileType = sourcecode.swift; path = CalendarView.swift; sourceTree = "<group>"; };
		DD2B30FC2BCC06B300D19D57 /* Assets.xcassets */ = {isa = PBXFileReference; lastKnownFileType = folder.assetcatalog; path = Assets.xcassets; sourceTree = "<group>"; };
		DD2B30FF2BCC06B300D19D57 /* Preview Assets.xcassets */ = {isa = PBXFileReference; lastKnownFileType = folder.assetcatalog; path = "Preview Assets.xcassets"; sourceTree = "<group>"; };
		DD2B31052BCC06B300D19D57 /* NC1Tests.xctest */ = {isa = PBXFileReference; explicitFileType = wrapper.cfbundle; includeInIndex = 0; path = NC1Tests.xctest; sourceTree = BUILT_PRODUCTS_DIR; };
		DD2B31092BCC06B300D19D57 /* NC1Tests.swift */ = {isa = PBXFileReference; lastKnownFileType = sourcecode.swift; path = NC1Tests.swift; sourceTree = "<group>"; };
		DD2B310F2BCC06B300D19D57 /* NC1UITests.xctest */ = {isa = PBXFileReference; explicitFileType = wrapper.cfbundle; includeInIndex = 0; path = NC1UITests.xctest; sourceTree = BUILT_PRODUCTS_DIR; };
		DD2B31132BCC06B300D19D57 /* NC1UITests.swift */ = {isa = PBXFileReference; lastKnownFileType = sourcecode.swift; path = NC1UITests.swift; sourceTree = "<group>"; };
		DD2B31152BCC06B300D19D57 /* NC1UITestsLaunchTests.swift */ = {isa = PBXFileReference; lastKnownFileType = sourcecode.swift; path = NC1UITestsLaunchTests.swift; sourceTree = "<group>"; };
		DD2B31222BCC1BF500D19D57 /* MemoView.swift */ = {isa = PBXFileReference; lastKnownFileType = sourcecode.swift; path = MemoView.swift; sourceTree = "<group>"; };
		DD2B31262BCC1DDD00D19D57 /* Data.swift */ = {isa = PBXFileReference; lastKnownFileType = sourcecode.swift; path = Data.swift; sourceTree = "<group>"; };
		DD2B31282BCD442A00D19D57 /* File.swift */ = {isa = PBXFileReference; lastKnownFileType = sourcecode.swift; path = File.swift; sourceTree = "<group>"; };
		DD44EA182BE128C1008F8D75 /* CalenderView+.swift */ = {isa = PBXFileReference; lastKnownFileType = sourcecode.swift; path = "CalenderView+.swift"; sourceTree = "<group>"; };
		DD44EA1A2BE12C90008F8D75 /* CellView.swift */ = {isa = PBXFileReference; lastKnownFileType = sourcecode.swift; path = CellView.swift; sourceTree = "<group>"; };
		DD44EA202BE12FAB008F8D75 /* Date+.swift */ = {isa = PBXFileReference; lastKnownFileType = sourcecode.swift; path = "Date+.swift"; sourceTree = "<group>"; };
		DD44EA222BE13445008F8D75 /* dayMemoView.swift */ = {isa = PBXFileReference; lastKnownFileType = sourcecode.swift; path = dayMemoView.swift; sourceTree = "<group>"; };
		DD44EA252BE35653008F8D75 /* DateFormatter+.swift */ = {isa = PBXFileReference; lastKnownFileType = sourcecode.swift; path = "DateFormatter+.swift"; sourceTree = "<group>"; };
		DD44EA272BE3AD88008F8D75 /* headerView.swift */ = {isa = PBXFileReference; lastKnownFileType = sourcecode.swift; path = headerView.swift; sourceTree = "<group>"; };
		DD44EA292BE3B1BC008F8D75 /* calendarGridView.swift */ = {isa = PBXFileReference; lastKnownFileType = sourcecode.swift; path = calendarGridView.swift; sourceTree = "<group>"; };
		DD7975FB2BDF8E1F00A39757 /* Color+.swift */ = {isa = PBXFileReference; lastKnownFileType = sourcecode.swift; path = "Color+.swift"; sourceTree = "<group>"; };
/* End PBXFileReference section */

/* Begin PBXFrameworksBuildPhase section */
		DD2B30F22BCC06B200D19D57 /* Frameworks */ = {
			isa = PBXFrameworksBuildPhase;
			buildActionMask = 2147483647;
			files = (
			);
			runOnlyForDeploymentPostprocessing = 0;
		};
		DD2B31022BCC06B300D19D57 /* Frameworks */ = {
			isa = PBXFrameworksBuildPhase;
			buildActionMask = 2147483647;
			files = (
			);
			runOnlyForDeploymentPostprocessing = 0;
		};
		DD2B310C2BCC06B300D19D57 /* Frameworks */ = {
			isa = PBXFrameworksBuildPhase;
			buildActionMask = 2147483647;
			files = (
			);
			runOnlyForDeploymentPostprocessing = 0;
		};
/* End PBXFrameworksBuildPhase section */

/* Begin PBXGroup section */
		DD2B30EC2BCC06B200D19D57 = {
			isa = PBXGroup;
			children = (
				DD2B30F72BCC06B200D19D57 /* NC1 */,
				DD2B31082BCC06B300D19D57 /* NC1Tests */,
				DD2B31122BCC06B300D19D57 /* NC1UITests */,
				DD2B30F62BCC06B200D19D57 /* Products */,
			);
			sourceTree = "<group>";
		};
		DD2B30F62BCC06B200D19D57 /* Products */ = {
			isa = PBXGroup;
			children = (
				DD2B30F52BCC06B200D19D57 /* NC1.app */,
				DD2B31052BCC06B300D19D57 /* NC1Tests.xctest */,
				DD2B310F2BCC06B300D19D57 /* NC1UITests.xctest */,
			);
			name = Products;
			sourceTree = "<group>";
		};
		DD2B30F72BCC06B200D19D57 /* NC1 */ = {
			isa = PBXGroup;
			children = (
				DD44EA242BE3563A008F8D75 /* Extension */,
				DD2B31252BCC1DC200D19D57 /* Data */,
				DD2B31242BCC1DA100D19D57 /* View */,
				DD2B30F82BCC06B200D19D57 /* NC1App.swift */,
				DD2B30FC2BCC06B300D19D57 /* Assets.xcassets */,
				DD2B30FE2BCC06B300D19D57 /* Preview Content */,
			);
			path = NC1;
			sourceTree = "<group>";
		};
		DD2B30FE2BCC06B300D19D57 /* Preview Content */ = {
			isa = PBXGroup;
			children = (
				DD2B30FF2BCC06B300D19D57 /* Preview Assets.xcassets */,
			);
			path = "Preview Content";
			sourceTree = "<group>";
		};
		DD2B31082BCC06B300D19D57 /* NC1Tests */ = {
			isa = PBXGroup;
			children = (
				DD2B31092BCC06B300D19D57 /* NC1Tests.swift */,
			);
			path = NC1Tests;
			sourceTree = "<group>";
		};
		DD2B31122BCC06B300D19D57 /* NC1UITests */ = {
			isa = PBXGroup;
			children = (
				DD2B31132BCC06B300D19D57 /* NC1UITests.swift */,
				DD2B31152BCC06B300D19D57 /* NC1UITestsLaunchTests.swift */,
			);
			path = NC1UITests;
			sourceTree = "<group>";
		};
		DD2B31242BCC1DA100D19D57 /* View */ = {
			isa = PBXGroup;
			children = (
				DD2B31282BCD442A00D19D57 /* File.swift */,
				DD44EA1A2BE12C90008F8D75 /* CellView.swift */,
				DD44EA222BE13445008F8D75 /* dayMemoView.swift */,
				DD2B30FA2BCC06B200D19D57 /* CalendarView.swift */,
				DD2B31222BCC1BF500D19D57 /* MemoView.swift */,
				DD44EA272BE3AD88008F8D75 /* headerView.swift */,
				DD44EA292BE3B1BC008F8D75 /* calendarGridView.swift */,
			);
			path = View;
			sourceTree = "<group>";
		};
		DD2B31252BCC1DC200D19D57 /* Data */ = {
			isa = PBXGroup;
			children = (
				DD2B31262BCC1DDD00D19D57 /* Data.swift */,
			);
			path = Data;
			sourceTree = "<group>";
		};
		DD44EA242BE3563A008F8D75 /* Extension */ = {
			isa = PBXGroup;
			children = (
				DD7975FB2BDF8E1F00A39757 /* Color+.swift */,
				DD44EA202BE12FAB008F8D75 /* Date+.swift */,
				DD44EA182BE128C1008F8D75 /* CalenderView+.swift */,
				DD44EA252BE35653008F8D75 /* DateFormatter+.swift */,
			);
			path = Extension;
			sourceTree = "<group>";
		};
/* End PBXGroup section */

/* Begin PBXNativeTarget section */
		DD2B30F42BCC06B200D19D57 /* NC1 */ = {
			isa = PBXNativeTarget;
			buildConfigurationList = DD2B31192BCC06B300D19D57 /* Build configuration list for PBXNativeTarget "NC1" */;
			buildPhases = (
				DD2B30F12BCC06B200D19D57 /* Sources */,
				DD2B30F22BCC06B200D19D57 /* Frameworks */,
				DD2B30F32BCC06B200D19D57 /* Resources */,
			);
			buildRules = (
			);
			dependencies = (
			);
			name = NC1;
			productName = NC1;
			productReference = DD2B30F52BCC06B200D19D57 /* NC1.app */;
			productType = "com.apple.product-type.application";
		};
		DD2B31042BCC06B300D19D57 /* NC1Tests */ = {
			isa = PBXNativeTarget;
			buildConfigurationList = DD2B311C2BCC06B300D19D57 /* Build configuration list for PBXNativeTarget "NC1Tests" */;
			buildPhases = (
				DD2B31012BCC06B300D19D57 /* Sources */,
				DD2B31022BCC06B300D19D57 /* Frameworks */,
				DD2B31032BCC06B300D19D57 /* Resources */,
			);
			buildRules = (
			);
			dependencies = (
				DD2B31072BCC06B300D19D57 /* PBXTargetDependency */,
			);
			name = NC1Tests;
			productName = NC1Tests;
			productReference = DD2B31052BCC06B300D19D57 /* NC1Tests.xctest */;
			productType = "com.apple.product-type.bundle.unit-test";
		};
		DD2B310E2BCC06B300D19D57 /* NC1UITests */ = {
			isa = PBXNativeTarget;
			buildConfigurationList = DD2B311F2BCC06B300D19D57 /* Build configuration list for PBXNativeTarget "NC1UITests" */;
			buildPhases = (
				DD2B310B2BCC06B300D19D57 /* Sources */,
				DD2B310C2BCC06B300D19D57 /* Frameworks */,
				DD2B310D2BCC06B300D19D57 /* Resources */,
			);
			buildRules = (
			);
			dependencies = (
				DD2B31112BCC06B300D19D57 /* PBXTargetDependency */,
			);
			name = NC1UITests;
			productName = NC1UITests;
			productReference = DD2B310F2BCC06B300D19D57 /* NC1UITests.xctest */;
			productType = "com.apple.product-type.bundle.ui-testing";
		};
/* End PBXNativeTarget section */

/* Begin PBXProject section */
		DD2B30ED2BCC06B200D19D57 /* Project object */ = {
			isa = PBXProject;
			attributes = {
				BuildIndependentTargetsInParallel = 1;
				LastSwiftUpdateCheck = 1530;
				LastUpgradeCheck = 1530;
				TargetAttributes = {
					DD2B30F42BCC06B200D19D57 = {
						CreatedOnToolsVersion = 15.3;
					};
					DD2B31042BCC06B300D19D57 = {
						CreatedOnToolsVersion = 15.3;
						TestTargetID = DD2B30F42BCC06B200D19D57;
					};
					DD2B310E2BCC06B300D19D57 = {
						CreatedOnToolsVersion = 15.3;
						TestTargetID = DD2B30F42BCC06B200D19D57;
					};
				};
			};
			buildConfigurationList = DD2B30F02BCC06B200D19D57 /* Build configuration list for PBXProject "NC1" */;
			compatibilityVersion = "Xcode 14.0";
			developmentRegion = en;
			hasScannedForEncodings = 0;
			knownRegions = (
				en,
				Base,
			);
			mainGroup = DD2B30EC2BCC06B200D19D57;
			productRefGroup = DD2B30F62BCC06B200D19D57 /* Products */;
			projectDirPath = "";
			projectRoot = "";
			targets = (
				DD2B30F42BCC06B200D19D57 /* NC1 */,
				DD2B31042BCC06B300D19D57 /* NC1Tests */,
				DD2B310E2BCC06B300D19D57 /* NC1UITests */,
			);
		};
/* End PBXProject section */

/* Begin PBXResourcesBuildPhase section */
		DD2B30F32BCC06B200D19D57 /* Resources */ = {
			isa = PBXResourcesBuildPhase;
			buildActionMask = 2147483647;
			files = (
				DD2B31002BCC06B300D19D57 /* Preview Assets.xcassets in Resources */,
				DD2B30FD2BCC06B300D19D57 /* Assets.xcassets in Resources */,
			);
			runOnlyForDeploymentPostprocessing = 0;
		};
		DD2B31032BCC06B300D19D57 /* Resources */ = {
			isa = PBXResourcesBuildPhase;
			buildActionMask = 2147483647;
			files = (
			);
			runOnlyForDeploymentPostprocessing = 0;
		};
		DD2B310D2BCC06B300D19D57 /* Resources */ = {
			isa = PBXResourcesBuildPhase;
			buildActionMask = 2147483647;
			files = (
			);
			runOnlyForDeploymentPostprocessing = 0;
		};
/* End PBXResourcesBuildPhase section */

/* Begin PBXSourcesBuildPhase section */
		DD2B30F12BCC06B200D19D57 /* Sources */ = {
			isa = PBXSourcesBuildPhase;
			buildActionMask = 2147483647;
			files = (
				DD44EA262BE35653008F8D75 /* DateFormatter+.swift in Sources */,
				DD44EA212BE12FAB008F8D75 /* Date+.swift in Sources */,
				DD2B31292BCD442A00D19D57 /* File.swift in Sources */,
				DD7975FC2BDF8E1F00A39757 /* Color+.swift in Sources */,
				DD44EA232BE13445008F8D75 /* dayMemoView.swift in Sources */,
				DD2B30FB2BCC06B200D19D57 /* CalendarView.swift in Sources */,
				DD2B31232BCC1BF500D19D57 /* MemoView.swift in Sources */,
				DD44EA1B2BE12C90008F8D75 /* CellView.swift in Sources */,
				DD44EA192BE128C1008F8D75 /* CalenderView+.swift in Sources */,
				DD2B30F92BCC06B200D19D57 /* NC1App.swift in Sources */,
				DD2B31272BCC1DDD00D19D57 /* Data.swift in Sources */,
				DD44EA282BE3AD88008F8D75 /* headerView.swift in Sources */,
				DD44EA2A2BE3B1BC008F8D75 /* calendarGridView.swift in Sources */,
			);
			runOnlyForDeploymentPostprocessing = 0;
		};
		DD2B31012BCC06B300D19D57 /* Sources */ = {
			isa = PBXSourcesBuildPhase;
			buildActionMask = 2147483647;
			files = (
				DD2B310A2BCC06B300D19D57 /* NC1Tests.swift in Sources */,
			);
			runOnlyForDeploymentPostprocessing = 0;
		};
		DD2B310B2BCC06B300D19D57 /* Sources */ = {
			isa = PBXSourcesBuildPhase;
			buildActionMask = 2147483647;
			files = (
				DD2B31142BCC06B300D19D57 /* NC1UITests.swift in Sources */,
				DD2B31162BCC06B300D19D57 /* NC1UITestsLaunchTests.swift in Sources */,
			);
			runOnlyForDeploymentPostprocessing = 0;
		};
/* End PBXSourcesBuildPhase section */

/* Begin PBXTargetDependency section */
		DD2B31072BCC06B300D19D57 /* PBXTargetDependency */ = {
			isa = PBXTargetDependency;
			target = DD2B30F42BCC06B200D19D57 /* NC1 */;
			targetProxy = DD2B31062BCC06B300D19D57 /* PBXContainerItemProxy */;
		};
		DD2B31112BCC06B300D19D57 /* PBXTargetDependency */ = {
			isa = PBXTargetDependency;
			target = DD2B30F42BCC06B200D19D57 /* NC1 */;
			targetProxy = DD2B31102BCC06B300D19D57 /* PBXContainerItemProxy */;
		};
/* End PBXTargetDependency section */

/* Begin XCBuildConfiguration section */
		DD2B31172BCC06B300D19D57 /* Debug */ = {
			isa = XCBuildConfiguration;
			buildSettings = {
				ALWAYS_SEARCH_USER_PATHS = NO;
				ASSETCATALOG_COMPILER_GENERATE_SWIFT_ASSET_SYMBOL_EXTENSIONS = YES;
				CLANG_ANALYZER_NONNULL = YES;
				CLANG_ANALYZER_NUMBER_OBJECT_CONVERSION = YES_AGGRESSIVE;
				CLANG_CXX_LANGUAGE_STANDARD = "gnu++20";
				CLANG_ENABLE_MODULES = YES;
				CLANG_ENABLE_OBJC_ARC = YES;
				CLANG_ENABLE_OBJC_WEAK = YES;
				CLANG_WARN_BLOCK_CAPTURE_AUTORELEASING = YES;
				CLANG_WARN_BOOL_CONVERSION = YES;
				CLANG_WARN_COMMA = YES;
				CLANG_WARN_CONSTANT_CONVERSION = YES;
				CLANG_WARN_DEPRECATED_OBJC_IMPLEMENTATIONS = YES;
				CLANG_WARN_DIRECT_OBJC_ISA_USAGE = YES_ERROR;
				CLANG_WARN_DOCUMENTATION_COMMENTS = YES;
				CLANG_WARN_EMPTY_BODY = YES;
				CLANG_WARN_ENUM_CONVERSION = YES;
				CLANG_WARN_INFINITE_RECURSION = YES;
				CLANG_WARN_INT_CONVERSION = YES;
				CLANG_WARN_NON_LITERAL_NULL_CONVERSION = YES;
				CLANG_WARN_OBJC_IMPLICIT_RETAIN_SELF = YES;
				CLANG_WARN_OBJC_LITERAL_CONVERSION = YES;
				CLANG_WARN_OBJC_ROOT_CLASS = YES_ERROR;
				CLANG_WARN_QUOTED_INCLUDE_IN_FRAMEWORK_HEADER = YES;
				CLANG_WARN_RANGE_LOOP_ANALYSIS = YES;
				CLANG_WARN_STRICT_PROTOTYPES = YES;
				CLANG_WARN_SUSPICIOUS_MOVE = YES;
				CLANG_WARN_UNGUARDED_AVAILABILITY = YES_AGGRESSIVE;
				CLANG_WARN_UNREACHABLE_CODE = YES;
				CLANG_WARN__DUPLICATE_METHOD_MATCH = YES;
				COPY_PHASE_STRIP = NO;
				DEBUG_INFORMATION_FORMAT = dwarf;
				ENABLE_STRICT_OBJC_MSGSEND = YES;
				ENABLE_TESTABILITY = YES;
				ENABLE_USER_SCRIPT_SANDBOXING = YES;
				GCC_C_LANGUAGE_STANDARD = gnu17;
				GCC_DYNAMIC_NO_PIC = NO;
				GCC_NO_COMMON_BLOCKS = YES;
				GCC_OPTIMIZATION_LEVEL = 0;
				GCC_PREPROCESSOR_DEFINITIONS = (
					"DEBUG=1",
					"$(inherited)",
				);
				GCC_WARN_64_TO_32_BIT_CONVERSION = YES;
				GCC_WARN_ABOUT_RETURN_TYPE = YES_ERROR;
				GCC_WARN_UNDECLARED_SELECTOR = YES;
				GCC_WARN_UNINITIALIZED_AUTOS = YES_AGGRESSIVE;
				GCC_WARN_UNUSED_FUNCTION = YES;
				GCC_WARN_UNUSED_VARIABLE = YES;
				IPHONEOS_DEPLOYMENT_TARGET = 17.4;
				LOCALIZATION_PREFERS_STRING_CATALOGS = YES;
				MTL_ENABLE_DEBUG_INFO = INCLUDE_SOURCE;
				MTL_FAST_MATH = YES;
				ONLY_ACTIVE_ARCH = YES;
				SDKROOT = iphoneos;
				SWIFT_ACTIVE_COMPILATION_CONDITIONS = "DEBUG $(inherited)";
				SWIFT_OPTIMIZATION_LEVEL = "-Onone";
			};
			name = Debug;
		};
		DD2B31182BCC06B300D19D57 /* Release */ = {
			isa = XCBuildConfiguration;
			buildSettings = {
				ALWAYS_SEARCH_USER_PATHS = NO;
				ASSETCATALOG_COMPILER_GENERATE_SWIFT_ASSET_SYMBOL_EXTENSIONS = YES;
				CLANG_ANALYZER_NONNULL = YES;
				CLANG_ANALYZER_NUMBER_OBJECT_CONVERSION = YES_AGGRESSIVE;
				CLANG_CXX_LANGUAGE_STANDARD = "gnu++20";
				CLANG_ENABLE_MODULES = YES;
				CLANG_ENABLE_OBJC_ARC = YES;
				CLANG_ENABLE_OBJC_WEAK = YES;
				CLANG_WARN_BLOCK_CAPTURE_AUTORELEASING = YES;
				CLANG_WARN_BOOL_CONVERSION = YES;
				CLANG_WARN_COMMA = YES;
				CLANG_WARN_CONSTANT_CONVERSION = YES;
				CLANG_WARN_DEPRECATED_OBJC_IMPLEMENTATIONS = YES;
				CLANG_WARN_DIRECT_OBJC_ISA_USAGE = YES_ERROR;
				CLANG_WARN_DOCUMENTATION_COMMENTS = YES;
				CLANG_WARN_EMPTY_BODY = YES;
				CLANG_WARN_ENUM_CONVERSION = YES;
				CLANG_WARN_INFINITE_RECURSION = YES;
				CLANG_WARN_INT_CONVERSION = YES;
				CLANG_WARN_NON_LITERAL_NULL_CONVERSION = YES;
				CLANG_WARN_OBJC_IMPLICIT_RETAIN_SELF = YES;
				CLANG_WARN_OBJC_LITERAL_CONVERSION = YES;
				CLANG_WARN_OBJC_ROOT_CLASS = YES_ERROR;
				CLANG_WARN_QUOTED_INCLUDE_IN_FRAMEWORK_HEADER = YES;
				CLANG_WARN_RANGE_LOOP_ANALYSIS = YES;
				CLANG_WARN_STRICT_PROTOTYPES = YES;
				CLANG_WARN_SUSPICIOUS_MOVE = YES;
				CLANG_WARN_UNGUARDED_AVAILABILITY = YES_AGGRESSIVE;
				CLANG_WARN_UNREACHABLE_CODE = YES;
				CLANG_WARN__DUPLICATE_METHOD_MATCH = YES;
				COPY_PHASE_STRIP = NO;
				DEBUG_INFORMATION_FORMAT = "dwarf-with-dsym";
				ENABLE_NS_ASSERTIONS = NO;
				ENABLE_STRICT_OBJC_MSGSEND = YES;
				ENABLE_USER_SCRIPT_SANDBOXING = YES;
				GCC_C_LANGUAGE_STANDARD = gnu17;
				GCC_NO_COMMON_BLOCKS = YES;
				GCC_WARN_64_TO_32_BIT_CONVERSION = YES;
				GCC_WARN_ABOUT_RETURN_TYPE = YES_ERROR;
				GCC_WARN_UNDECLARED_SELECTOR = YES;
				GCC_WARN_UNINITIALIZED_AUTOS = YES_AGGRESSIVE;
				GCC_WARN_UNUSED_FUNCTION = YES;
				GCC_WARN_UNUSED_VARIABLE = YES;
				IPHONEOS_DEPLOYMENT_TARGET = 17.4;
				LOCALIZATION_PREFERS_STRING_CATALOGS = YES;
				MTL_ENABLE_DEBUG_INFO = NO;
				MTL_FAST_MATH = YES;
				SDKROOT = iphoneos;
				SWIFT_COMPILATION_MODE = wholemodule;
				VALIDATE_PRODUCT = YES;
			};
			name = Release;
		};
		DD2B311A2BCC06B300D19D57 /* Debug */ = {
			isa = XCBuildConfiguration;
			buildSettings = {
				ASSETCATALOG_COMPILER_APPICON_NAME = AppIcon;
				ASSETCATALOG_COMPILER_GLOBAL_ACCENT_COLOR_NAME = AccentColor;
				CODE_SIGN_STYLE = Automatic;
				CURRENT_PROJECT_VERSION = 1;
				DEVELOPMENT_ASSET_PATHS = "\"NC1/Preview Content\"";
				ENABLE_PREVIEWS = YES;
				GENERATE_INFOPLIST_FILE = YES;
				INFOPLIST_KEY_UIApplicationSceneManifest_Generation = YES;
				INFOPLIST_KEY_UIApplicationSupportsIndirectInputEvents = YES;
				INFOPLIST_KEY_UILaunchScreen_Generation = YES;
				INFOPLIST_KEY_UISupportedInterfaceOrientations_iPad = "UIInterfaceOrientationPortrait UIInterfaceOrientationPortraitUpsideDown UIInterfaceOrientationLandscapeLeft UIInterfaceOrientationLandscapeRight";
				INFOPLIST_KEY_UISupportedInterfaceOrientations_iPhone = "UIInterfaceOrientationPortrait UIInterfaceOrientationLandscapeLeft UIInterfaceOrientationLandscapeRight";
				LD_RUNPATH_SEARCH_PATHS = (
					"$(inherited)",
					"@executable_path/Frameworks",
				);
				MARKETING_VERSION = 1.0;
				PRODUCT_BUNDLE_IDENTIFIER = squirrel.NC1;
				PRODUCT_NAME = "$(TARGET_NAME)";
				SWIFT_EMIT_LOC_STRINGS = YES;
				SWIFT_VERSION = 5.0;
				TARGETED_DEVICE_FAMILY = "1,2";
			};
			name = Debug;
		};
		DD2B311B2BCC06B300D19D57 /* Release */ = {
			isa = XCBuildConfiguration;
			buildSettings = {
				ASSETCATALOG_COMPILER_APPICON_NAME = AppIcon;
				ASSETCATALOG_COMPILER_GLOBAL_ACCENT_COLOR_NAME = AccentColor;
				CODE_SIGN_STYLE = Automatic;
				CURRENT_PROJECT_VERSION = 1;
				DEVELOPMENT_ASSET_PATHS = "\"NC1/Preview Content\"";
				ENABLE_PREVIEWS = YES;
				GENERATE_INFOPLIST_FILE = YES;
				INFOPLIST_KEY_UIApplicationSceneManifest_Generation = YES;
				INFOPLIST_KEY_UIApplicationSupportsIndirectInputEvents = YES;
				INFOPLIST_KEY_UILaunchScreen_Generation = YES;
				INFOPLIST_KEY_UISupportedInterfaceOrientations_iPad = "UIInterfaceOrientationPortrait UIInterfaceOrientationPortraitUpsideDown UIInterfaceOrientationLandscapeLeft UIInterfaceOrientationLandscapeRight";
				INFOPLIST_KEY_UISupportedInterfaceOrientations_iPhone = "UIInterfaceOrientationPortrait UIInterfaceOrientationLandscapeLeft UIInterfaceOrientationLandscapeRight";
				LD_RUNPATH_SEARCH_PATHS = (
					"$(inherited)",
					"@executable_path/Frameworks",
				);
				MARKETING_VERSION = 1.0;
				PRODUCT_BUNDLE_IDENTIFIER = squirrel.NC1;
				PRODUCT_NAME = "$(TARGET_NAME)";
				SWIFT_EMIT_LOC_STRINGS = YES;
				SWIFT_VERSION = 5.0;
				TARGETED_DEVICE_FAMILY = "1,2";
			};
			name = Release;
		};
		DD2B311D2BCC06B300D19D57 /* Debug */ = {
			isa = XCBuildConfiguration;
			buildSettings = {
				ALWAYS_EMBED_SWIFT_STANDARD_LIBRARIES = YES;
				BUNDLE_LOADER = "$(TEST_HOST)";
				CODE_SIGN_STYLE = Automatic;
				CURRENT_PROJECT_VERSION = 1;
				GENERATE_INFOPLIST_FILE = YES;
				IPHONEOS_DEPLOYMENT_TARGET = 17.4;
				MARKETING_VERSION = 1.0;
				PRODUCT_BUNDLE_IDENTIFIER = squirrel.NC1Tests;
				PRODUCT_NAME = "$(TARGET_NAME)";
				SWIFT_EMIT_LOC_STRINGS = NO;
				SWIFT_VERSION = 5.0;
				TARGETED_DEVICE_FAMILY = "1,2";
				TEST_HOST = "$(BUILT_PRODUCTS_DIR)/NC1.app/$(BUNDLE_EXECUTABLE_FOLDER_PATH)/NC1";
			};
			name = Debug;
		};
		DD2B311E2BCC06B300D19D57 /* Release */ = {
			isa = XCBuildConfiguration;
			buildSettings = {
				ALWAYS_EMBED_SWIFT_STANDARD_LIBRARIES = YES;
				BUNDLE_LOADER = "$(TEST_HOST)";
				CODE_SIGN_STYLE = Automatic;
				CURRENT_PROJECT_VERSION = 1;
				GENERATE_INFOPLIST_FILE = YES;
				IPHONEOS_DEPLOYMENT_TARGET = 17.4;
				MARKETING_VERSION = 1.0;
				PRODUCT_BUNDLE_IDENTIFIER = squirrel.NC1Tests;
				PRODUCT_NAME = "$(TARGET_NAME)";
				SWIFT_EMIT_LOC_STRINGS = NO;
				SWIFT_VERSION = 5.0;
				TARGETED_DEVICE_FAMILY = "1,2";
				TEST_HOST = "$(BUILT_PRODUCTS_DIR)/NC1.app/$(BUNDLE_EXECUTABLE_FOLDER_PATH)/NC1";
			};
			name = Release;
		};
		DD2B31202BCC06B300D19D57 /* Debug */ = {
			isa = XCBuildConfiguration;
			buildSettings = {
				ALWAYS_EMBED_SWIFT_STANDARD_LIBRARIES = YES;
				CODE_SIGN_STYLE = Automatic;
				CURRENT_PROJECT_VERSION = 1;
				GENERATE_INFOPLIST_FILE = YES;
				MARKETING_VERSION = 1.0;
				PRODUCT_BUNDLE_IDENTIFIER = squirrel.NC1UITests;
				PRODUCT_NAME = "$(TARGET_NAME)";
				SWIFT_EMIT_LOC_STRINGS = NO;
				SWIFT_VERSION = 5.0;
				TARGETED_DEVICE_FAMILY = "1,2";
				TEST_TARGET_NAME = NC1;
			};
			name = Debug;
		};
		DD2B31212BCC06B300D19D57 /* Release */ = {
			isa = XCBuildConfiguration;
			buildSettings = {
				ALWAYS_EMBED_SWIFT_STANDARD_LIBRARIES = YES;
				CODE_SIGN_STYLE = Automatic;
				CURRENT_PROJECT_VERSION = 1;
				GENERATE_INFOPLIST_FILE = YES;
				MARKETING_VERSION = 1.0;
				PRODUCT_BUNDLE_IDENTIFIER = squirrel.NC1UITests;
				PRODUCT_NAME = "$(TARGET_NAME)";
				SWIFT_EMIT_LOC_STRINGS = NO;
				SWIFT_VERSION = 5.0;
				TARGETED_DEVICE_FAMILY = "1,2";
				TEST_TARGET_NAME = NC1;
			};
			name = Release;
		};
/* End XCBuildConfiguration section */

/* Begin XCConfigurationList section */
		DD2B30F02BCC06B200D19D57 /* Build configuration list for PBXProject "NC1" */ = {
			isa = XCConfigurationList;
			buildConfigurations = (
				DD2B31172BCC06B300D19D57 /* Debug */,
				DD2B31182BCC06B300D19D57 /* Release */,
			);
			defaultConfigurationIsVisible = 0;
			defaultConfigurationName = Release;
		};
		DD2B31192BCC06B300D19D57 /* Build configuration list for PBXNativeTarget "NC1" */ = {
			isa = XCConfigurationList;
			buildConfigurations = (
				DD2B311A2BCC06B300D19D57 /* Debug */,
				DD2B311B2BCC06B300D19D57 /* Release */,
			);
			defaultConfigurationIsVisible = 0;
			defaultConfigurationName = Release;
		};
		DD2B311C2BCC06B300D19D57 /* Build configuration list for PBXNativeTarget "NC1Tests" */ = {
			isa = XCConfigurationList;
			buildConfigurations = (
				DD2B311D2BCC06B300D19D57 /* Debug */,
				DD2B311E2BCC06B300D19D57 /* Release */,
			);
			defaultConfigurationIsVisible = 0;
			defaultConfigurationName = Release;
		};
		DD2B311F2BCC06B300D19D57 /* Build configuration list for PBXNativeTarget "NC1UITests" */ = {
			isa = XCConfigurationList;
			buildConfigurations = (
				DD2B31202BCC06B300D19D57 /* Debug */,
				DD2B31212BCC06B300D19D57 /* Release */,
			);
			defaultConfigurationIsVisible = 0;
			defaultConfigurationName = Release;
		};
/* End XCConfigurationList section */
	};
	rootObject = DD2B30ED2BCC06B200D19D57 /* Project object */;
}
